
Microsoft Visual Studio Solution File, Format Version 12.00
# Visual Studio Version 17
VisualStudioVersion = 17.4.33213.308
MinimumVisualStudioVersion = 10.0.40219.1
Project("{FAE04EC0-301F-11D3-BF4B-00C04F79EFBC}") = "WarehouseSystem", "WarehouseSystem\WarehouseSystem.csproj", "{C549AF8B-0BB3-487E-9F3D-04337694F917}"
EndProject
Global
	GlobalSection(SolutionConfigurationPlatforms) = preSolution
		Debug|Any CPU = Debug|Any CPU
		Release|Any CPU = Release|Any CPU
	EndGlobalSection
	GlobalSection(ProjectConfigurationPlatforms) = postSolution
		{C549AF8B-0BB3-487E-9F3D-04337694F917}.Debug|Any CPU.ActiveCfg = Debug|Any CPU
		{C549AF8B-0BB3-487E-9F3D-04337694F917}.Debug|Any CPU.Build.0 = Debug|Any CPU
		{C549AF8B-0BB3-487E-9F3D-04337694F917}.Release|Any CPU.ActiveCfg = Release|Any CPU
		{C549AF8B-0BB3-487E-9F3D-04337694F917}.Release|Any CPU.Build.0 = Release|Any CPU
	EndGlobalSection
	GlobalSection(SolutionProperties) = preSolution
		HideSolutionNode = FALSE
	EndGlobalSection
	GlobalSection(ExtensibilityGlobals) = postSolution
		SolutionGuid = {7FE960D0-B369-40BA-89D1-66F61AB8E289}
	EndGlobalSection
EndGlobal
